
Microsoft Visual Studio Solution File, Format Version 12.00
# Visual Studio 15
VisualStudioVersion = 15.0.28307.645
MinimumVisualStudioVersion = 10.0.40219.1
Project("{FAE04EC0-301F-11D3-BF4B-00C04F79EFBC}") = "TransBillRepository", "TransBillRepository\TransBillRepository.csproj", "{BD13898F-4346-474B-96E6-566E37008B3A}"
EndProject
Project("{FAE04EC0-301F-11D3-BF4B-00C04F79EFBC}") = "TransBillRepository.Domain", "TransBillRepository.Domain\TransBillRepository.Domain.csproj", "{FC351D51-910D-4D67-9444-A1CC571ACF04}"
EndProject
Project("{FAE04EC0-301F-11D3-BF4B-00C04F79EFBC}") = "TransBillRepository.Persistent", "TransBillRepository.Persistent\TransBillRepository.Persistent.csproj", "{D5A74518-8196-4497-8AD6-A8C59E3D709D}"
EndProject
Project("{FAE04EC0-301F-11D3-BF4B-00C04F79EFBC}") = "TransBillRepository.Tests", "TransBillRepository.Tests\TransBillRepository.Tests.csproj", "{F6008D78-0FB7-4AEB-81ED-0EB0E91642CC}"
EndProject
Global
	GlobalSection(SolutionConfigurationPlatforms) = preSolution
		Debug|Any CPU = Debug|Any CPU
		Release|Any CPU = Release|Any CPU
	EndGlobalSection
	GlobalSection(ProjectConfigurationPlatforms) = postSolution
		{BD13898F-4346-474B-96E6-566E37008B3A}.Debug|Any CPU.ActiveCfg = Debug|Any CPU
		{BD13898F-4346-474B-96E6-566E37008B3A}.Debug|Any CPU.Build.0 = Debug|Any CPU
		{BD13898F-4346-474B-96E6-566E37008B3A}.Release|Any CPU.ActiveCfg = Release|Any CPU
		{BD13898F-4346-474B-96E6-566E37008B3A}.Release|Any CPU.Build.0 = Release|Any CPU
		{FC351D51-910D-4D67-9444-A1CC571ACF04}.Debug|Any CPU.ActiveCfg = Debug|Any CPU
		{FC351D51-910D-4D67-9444-A1CC571ACF04}.Debug|Any CPU.Build.0 = Debug|Any CPU
		{FC351D51-910D-4D67-9444-A1CC571ACF04}.Release|Any CPU.ActiveCfg = Release|Any CPU
		{FC351D51-910D-4D67-9444-A1CC571ACF04}.Release|Any CPU.Build.0 = Release|Any CPU
		{D5A74518-8196-4497-8AD6-A8C59E3D709D}.Debug|Any CPU.ActiveCfg = Debug|Any CPU
		{D5A74518-8196-4497-8AD6-A8C59E3D709D}.Debug|Any CPU.Build.0 = Debug|Any CPU
		{D5A74518-8196-4497-8AD6-A8C59E3D709D}.Release|Any CPU.ActiveCfg = Release|Any CPU
		{D5A74518-8196-4497-8AD6-A8C59E3D709D}.Release|Any CPU.Build.0 = Release|Any CPU
		{F6008D78-0FB7-4AEB-81ED-0EB0E91642CC}.Debug|Any CPU.ActiveCfg = Debug|Any CPU
		{F6008D78-0FB7-4AEB-81ED-0EB0E91642CC}.Debug|Any CPU.Build.0 = Debug|Any CPU
		{F6008D78-0FB7-4AEB-81ED-0EB0E91642CC}.Release|Any CPU.ActiveCfg = Release|Any CPU
		{F6008D78-0FB7-4AEB-81ED-0EB0E91642CC}.Release|Any CPU.Build.0 = Release|Any CPU
	EndGlobalSection
	GlobalSection(SolutionProperties) = preSolution
		HideSolutionNode = FALSE
	EndGlobalSection
	GlobalSection(ExtensibilityGlobals) = postSolution
		SolutionGuid = {80688039-59A6-4E60-9B8A-725CF94FCC32}
	EndGlobalSection
EndGlobal
